{
  "name": "which-cheese-js",
  "version": "1.0.0",
  "lockfileVersion": 1,
  "requires": true,
  "dependencies": {
    "cheese-list": {
      "version": "git+https://github.com/davidedmonds/cheese-list.git#609017c765d33d65b473ce0e55891384a577487c",
      "from": "git+https://github.com/davidedmonds/cheese-list.git"
    }
  }
}
